
Microsoft Visual Studio Solution File, Format Version 12.00
# Visual Studio Version 17
VisualStudioVersion = 17.5.33414.496
MinimumVisualStudioVersion = 10.0.40219.1
Project("{FAE04EC0-301F-11D3-BF4B-00C04F79EFBC}") = "20230228_PolylineAnchorCanvas", "20230228_PolylineAnchorCanvas\20230228_PolylineAnchorCanvas.csproj", "{3FB7B933-A9FD-44ED-81DF-C25802C518F8}"
EndProject
Global
	GlobalSection(SolutionConfigurationPlatforms) = preSolution
		Debug|Any CPU = Debug|Any CPU
		Release|Any CPU = Release|Any CPU
	EndGlobalSection
	GlobalSection(ProjectConfigurationPlatforms) = postSolution
		{3FB7B933-A9FD-44ED-81DF-C25802C518F8}.Debug|Any CPU.ActiveCfg = Debug|Any CPU
		{3FB7B933-A9FD-44ED-81DF-C25802C518F8}.Debug|Any CPU.Build.0 = Debug|Any CPU
		{3FB7B933-A9FD-44ED-81DF-C25802C518F8}.Release|Any CPU.ActiveCfg = Release|Any CPU
		{3FB7B933-A9FD-44ED-81DF-C25802C518F8}.Release|Any CPU.Build.0 = Release|Any CPU
	EndGlobalSection
	GlobalSection(SolutionProperties) = preSolution
		HideSolutionNode = FALSE
	EndGlobalSection
	GlobalSection(ExtensibilityGlobals) = postSolution
		SolutionGuid = {20228F03-73DE-471D-9C8E-F2D3A1482335}
	EndGlobalSection
EndGlobal
