
Microsoft Visual Studio Solution File, Format Version 12.00
# Visual Studio Version 17
VisualStudioVersion = 17.5.33530.505
MinimumVisualStudioVersion = 10.0.40219.1
Project("{FAE04EC0-301F-11D3-BF4B-00C04F79EFBC}") = "20230428_AppDataDp", "20230428_AppDataDp\20230428_AppDataDp.csproj", "{316D145E-ACB2-4546-9045-DBDE03AD0DEB}"
EndProject
Global
	GlobalSection(SolutionConfigurationPlatforms) = preSolution
		Debug|Any CPU = Debug|Any CPU
		Release|Any CPU = Release|Any CPU
	EndGlobalSection
	GlobalSection(ProjectConfigurationPlatforms) = postSolution
		{316D145E-ACB2-4546-9045-DBDE03AD0DEB}.Debug|Any CPU.ActiveCfg = Debug|Any CPU
		{316D145E-ACB2-4546-9045-DBDE03AD0DEB}.Debug|Any CPU.Build.0 = Debug|Any CPU
		{316D145E-ACB2-4546-9045-DBDE03AD0DEB}.Release|Any CPU.ActiveCfg = Release|Any CPU
		{316D145E-ACB2-4546-9045-DBDE03AD0DEB}.Release|Any CPU.Build.0 = Release|Any CPU
	EndGlobalSection
	GlobalSection(SolutionProperties) = preSolution
		HideSolutionNode = FALSE
	EndGlobalSection
	GlobalSection(ExtensibilityGlobals) = postSolution
		SolutionGuid = {01DAA9F5-0400-4013-B89C-DBD28E1669D5}
	EndGlobalSection
EndGlobal
