
Microsoft Visual Studio Solution File, Format Version 12.00
# Visual Studio Version 17
VisualStudioVersion = 17.4.33205.214
MinimumVisualStudioVersion = 10.0.40219.1
Project("{FAE04EC0-301F-11D3-BF4B-00C04F79EFBC}") = "20230101_ZUpDown", "20230101_ZUpDown\20230101_ZUpDown.csproj", "{73BAE26A-CF02-42AC-8C40-ED2CD7F9717F}"
EndProject
Global
	GlobalSection(SolutionConfigurationPlatforms) = preSolution
		Debug|Any CPU = Debug|Any CPU
		Release|Any CPU = Release|Any CPU
	EndGlobalSection
	GlobalSection(ProjectConfigurationPlatforms) = postSolution
		{73BAE26A-CF02-42AC-8C40-ED2CD7F9717F}.Debug|Any CPU.ActiveCfg = Debug|Any CPU
		{73BAE26A-CF02-42AC-8C40-ED2CD7F9717F}.Debug|Any CPU.Build.0 = Debug|Any CPU
		{73BAE26A-CF02-42AC-8C40-ED2CD7F9717F}.Release|Any CPU.ActiveCfg = Release|Any CPU
		{73BAE26A-CF02-42AC-8C40-ED2CD7F9717F}.Release|Any CPU.Build.0 = Release|Any CPU
	EndGlobalSection
	GlobalSection(SolutionProperties) = preSolution
		HideSolutionNode = FALSE
	EndGlobalSection
	GlobalSection(ExtensibilityGlobals) = postSolution
		SolutionGuid = {724802E4-3A09-47C4-A0DB-C4AC19DC5D3B}
	EndGlobalSection
EndGlobal
