
Microsoft Visual Studio Solution File, Format Version 12.00
# Visual Studio Version 17
VisualStudioVersion = 17.4.33213.308
MinimumVisualStudioVersion = 10.0.40219.1
Project("{FAE04EC0-301F-11D3-BF4B-00C04F79EFBC}") = "20230208_HutaTextBox", "20230208_HutaTextBox\20230208_HutaTextBox.csproj", "{AA20B689-5FB0-4252-9ACB-C97165111DD4}"
EndProject
Global
	GlobalSection(SolutionConfigurationPlatforms) = preSolution
		Debug|Any CPU = Debug|Any CPU
		Release|Any CPU = Release|Any CPU
	EndGlobalSection
	GlobalSection(ProjectConfigurationPlatforms) = postSolution
		{AA20B689-5FB0-4252-9ACB-C97165111DD4}.Debug|Any CPU.ActiveCfg = Debug|Any CPU
		{AA20B689-5FB0-4252-9ACB-C97165111DD4}.Debug|Any CPU.Build.0 = Debug|Any CPU
		{AA20B689-5FB0-4252-9ACB-C97165111DD4}.Release|Any CPU.ActiveCfg = Release|Any CPU
		{AA20B689-5FB0-4252-9ACB-C97165111DD4}.Release|Any CPU.Build.0 = Release|Any CPU
	EndGlobalSection
	GlobalSection(SolutionProperties) = preSolution
		HideSolutionNode = FALSE
	EndGlobalSection
	GlobalSection(ExtensibilityGlobals) = postSolution
		SolutionGuid = {4B0CAE26-B2D8-45B1-B365-82604237D7DE}
	EndGlobalSection
EndGlobal
