
Microsoft Visual Studio Solution File, Format Version 12.00
# Visual Studio Version 17
VisualStudioVersion = 17.5.33502.453
MinimumVisualStudioVersion = 10.0.40219.1
Project("{FAE04EC0-301F-11D3-BF4B-00C04F79EFBC}") = "20230319_BezierSize3", "20230319_BezierSize3\20230319_BezierSize3.csproj", "{01C8F133-CAD0-4567-9B6A-6413B4A58D29}"
EndProject
Global
	GlobalSection(SolutionConfigurationPlatforms) = preSolution
		Debug|Any CPU = Debug|Any CPU
		Release|Any CPU = Release|Any CPU
	EndGlobalSection
	GlobalSection(ProjectConfigurationPlatforms) = postSolution
		{01C8F133-CAD0-4567-9B6A-6413B4A58D29}.Debug|Any CPU.ActiveCfg = Debug|Any CPU
		{01C8F133-CAD0-4567-9B6A-6413B4A58D29}.Debug|Any CPU.Build.0 = Debug|Any CPU
		{01C8F133-CAD0-4567-9B6A-6413B4A58D29}.Release|Any CPU.ActiveCfg = Release|Any CPU
		{01C8F133-CAD0-4567-9B6A-6413B4A58D29}.Release|Any CPU.Build.0 = Release|Any CPU
	EndGlobalSection
	GlobalSection(SolutionProperties) = preSolution
		HideSolutionNode = FALSE
	EndGlobalSection
	GlobalSection(ExtensibilityGlobals) = postSolution
		SolutionGuid = {D21D295C-CBD9-45FC-8286-55370876546A}
	EndGlobalSection
EndGlobal
