
Microsoft Visual Studio Solution File, Format Version 12.00
# Visual Studio Version 17
VisualStudioVersion = 17.4.33213.308
MinimumVisualStudioVersion = 10.0.40219.1
Project("{FAE04EC0-301F-11D3-BF4B-00C04F79EFBC}") = "20230201_Layout", "20230201_Layout\20230201_Layout.csproj", "{86FAD48A-FB71-4966-987E-7CAEADB7F44A}"
EndProject
Global
	GlobalSection(SolutionConfigurationPlatforms) = preSolution
		Debug|Any CPU = Debug|Any CPU
		Release|Any CPU = Release|Any CPU
	EndGlobalSection
	GlobalSection(ProjectConfigurationPlatforms) = postSolution
		{86FAD48A-FB71-4966-987E-7CAEADB7F44A}.Debug|Any CPU.ActiveCfg = Debug|Any CPU
		{86FAD48A-FB71-4966-987E-7CAEADB7F44A}.Debug|Any CPU.Build.0 = Debug|Any CPU
		{86FAD48A-FB71-4966-987E-7CAEADB7F44A}.Release|Any CPU.ActiveCfg = Release|Any CPU
		{86FAD48A-FB71-4966-987E-7CAEADB7F44A}.Release|Any CPU.Build.0 = Release|Any CPU
	EndGlobalSection
	GlobalSection(SolutionProperties) = preSolution
		HideSolutionNode = FALSE
	EndGlobalSection
	GlobalSection(ExtensibilityGlobals) = postSolution
		SolutionGuid = {600564B8-F690-438A-9394-CB2AA1CAC303}
	EndGlobalSection
EndGlobal
