
Microsoft Visual Studio Solution File, Format Version 12.00
# Visual Studio Version 17
VisualStudioVersion = 17.5.33516.290
MinimumVisualStudioVersion = 10.0.40219.1
Project("{FAE04EC0-301F-11D3-BF4B-00C04F79EFBC}") = "20230411_ColorPicker", "20230411_ColorPicker\20230411_ColorPicker.csproj", "{0DC1BECF-18DC-4921-9D8A-19660CBC67AF}"
EndProject
Global
	GlobalSection(SolutionConfigurationPlatforms) = preSolution
		Debug|Any CPU = Debug|Any CPU
		Release|Any CPU = Release|Any CPU
	EndGlobalSection
	GlobalSection(ProjectConfigurationPlatforms) = postSolution
		{0DC1BECF-18DC-4921-9D8A-19660CBC67AF}.Debug|Any CPU.ActiveCfg = Debug|Any CPU
		{0DC1BECF-18DC-4921-9D8A-19660CBC67AF}.Debug|Any CPU.Build.0 = Debug|Any CPU
		{0DC1BECF-18DC-4921-9D8A-19660CBC67AF}.Release|Any CPU.ActiveCfg = Release|Any CPU
		{0DC1BECF-18DC-4921-9D8A-19660CBC67AF}.Release|Any CPU.Build.0 = Release|Any CPU
	EndGlobalSection
	GlobalSection(SolutionProperties) = preSolution
		HideSolutionNode = FALSE
	EndGlobalSection
	GlobalSection(ExtensibilityGlobals) = postSolution
		SolutionGuid = {06DC1E1B-6B2C-466F-89C8-3E8B5257DA08}
	EndGlobalSection
EndGlobal
