
Microsoft Visual Studio Solution File, Format Version 12.00
# Visual Studio Version 17
VisualStudioVersion = 17.5.33530.505
MinimumVisualStudioVersion = 10.0.40219.1
Project("{FAE04EC0-301F-11D3-BF4B-00C04F79EFBC}") = "20230420_ColorPicker", "20230420_ColorPicker\20230420_ColorPicker.csproj", "{692DB7E4-EDBA-4A83-8B3F-F0C2DB2CECE2}"
EndProject
Global
	GlobalSection(SolutionConfigurationPlatforms) = preSolution
		Debug|Any CPU = Debug|Any CPU
		Release|Any CPU = Release|Any CPU
	EndGlobalSection
	GlobalSection(ProjectConfigurationPlatforms) = postSolution
		{692DB7E4-EDBA-4A83-8B3F-F0C2DB2CECE2}.Debug|Any CPU.ActiveCfg = Debug|Any CPU
		{692DB7E4-EDBA-4A83-8B3F-F0C2DB2CECE2}.Debug|Any CPU.Build.0 = Debug|Any CPU
		{692DB7E4-EDBA-4A83-8B3F-F0C2DB2CECE2}.Release|Any CPU.ActiveCfg = Release|Any CPU
		{692DB7E4-EDBA-4A83-8B3F-F0C2DB2CECE2}.Release|Any CPU.Build.0 = Release|Any CPU
	EndGlobalSection
	GlobalSection(SolutionProperties) = preSolution
		HideSolutionNode = FALSE
	EndGlobalSection
	GlobalSection(ExtensibilityGlobals) = postSolution
		SolutionGuid = {43710A3A-1B48-4A19-831A-4187ECAA9098}
	EndGlobalSection
EndGlobal
