
Microsoft Visual Studio Solution File, Format Version 12.00
# Visual Studio Version 17
VisualStudioVersion = 17.4.33403.182
MinimumVisualStudioVersion = 10.0.40219.1
Project("{FAE04EC0-301F-11D3-BF4B-00C04F79EFBC}") = "20230220_PolylineZ", "20230220_PolylineZ\20230220_PolylineZ.csproj", "{F5701326-107A-4363-85ED-E2AC06C59203}"
EndProject
Global
	GlobalSection(SolutionConfigurationPlatforms) = preSolution
		Debug|Any CPU = Debug|Any CPU
		Release|Any CPU = Release|Any CPU
	EndGlobalSection
	GlobalSection(ProjectConfigurationPlatforms) = postSolution
		{F5701326-107A-4363-85ED-E2AC06C59203}.Debug|Any CPU.ActiveCfg = Debug|Any CPU
		{F5701326-107A-4363-85ED-E2AC06C59203}.Debug|Any CPU.Build.0 = Debug|Any CPU
		{F5701326-107A-4363-85ED-E2AC06C59203}.Release|Any CPU.ActiveCfg = Release|Any CPU
		{F5701326-107A-4363-85ED-E2AC06C59203}.Release|Any CPU.Build.0 = Release|Any CPU
	EndGlobalSection
	GlobalSection(SolutionProperties) = preSolution
		HideSolutionNode = FALSE
	EndGlobalSection
	GlobalSection(ExtensibilityGlobals) = postSolution
		SolutionGuid = {44E44A3C-C9B2-46F3-9520-3D4B3AEDF205}
	EndGlobalSection
EndGlobal
