
Microsoft Visual Studio Solution File, Format Version 12.00
# Visual Studio Version 17
VisualStudioVersion = 17.4.33213.308
MinimumVisualStudioVersion = 10.0.40219.1
Project("{FAE04EC0-301F-11D3-BF4B-00C04F79EFBC}") = "20230114_SerializeWithBitmap", "20230114_SerializeWithBitmap\20230114_SerializeWithBitmap.csproj", "{C4E7312E-E704-4E1B-8847-35737E751505}"
EndProject
Global
	GlobalSection(SolutionConfigurationPlatforms) = preSolution
		Debug|Any CPU = Debug|Any CPU
		Release|Any CPU = Release|Any CPU
	EndGlobalSection
	GlobalSection(ProjectConfigurationPlatforms) = postSolution
		{C4E7312E-E704-4E1B-8847-35737E751505}.Debug|Any CPU.ActiveCfg = Debug|Any CPU
		{C4E7312E-E704-4E1B-8847-35737E751505}.Debug|Any CPU.Build.0 = Debug|Any CPU
		{C4E7312E-E704-4E1B-8847-35737E751505}.Release|Any CPU.ActiveCfg = Release|Any CPU
		{C4E7312E-E704-4E1B-8847-35737E751505}.Release|Any CPU.Build.0 = Release|Any CPU
	EndGlobalSection
	GlobalSection(SolutionProperties) = preSolution
		HideSolutionNode = FALSE
	EndGlobalSection
	GlobalSection(ExtensibilityGlobals) = postSolution
		SolutionGuid = {C9C2DC42-EE43-479B-9DC3-4B086CEC76BB}
	EndGlobalSection
EndGlobal
