
Microsoft Visual Studio Solution File, Format Version 12.00
# Visual Studio Version 17
VisualStudioVersion = 17.4.33205.214
MinimumVisualStudioVersion = 10.0.40219.1
Project("{FAE04EC0-301F-11D3-BF4B-00C04F79EFBC}") = "20230101_ElementToPngFile", "20230101_ElementToPngFile\20230101_ElementToPngFile.csproj", "{E5DF9630-D963-491C-AB0B-6CB051FA7A61}"
EndProject
Global
	GlobalSection(SolutionConfigurationPlatforms) = preSolution
		Debug|Any CPU = Debug|Any CPU
		Release|Any CPU = Release|Any CPU
	EndGlobalSection
	GlobalSection(ProjectConfigurationPlatforms) = postSolution
		{E5DF9630-D963-491C-AB0B-6CB051FA7A61}.Debug|Any CPU.ActiveCfg = Debug|Any CPU
		{E5DF9630-D963-491C-AB0B-6CB051FA7A61}.Debug|Any CPU.Build.0 = Debug|Any CPU
		{E5DF9630-D963-491C-AB0B-6CB051FA7A61}.Release|Any CPU.ActiveCfg = Release|Any CPU
		{E5DF9630-D963-491C-AB0B-6CB051FA7A61}.Release|Any CPU.Build.0 = Release|Any CPU
	EndGlobalSection
	GlobalSection(SolutionProperties) = preSolution
		HideSolutionNode = FALSE
	EndGlobalSection
	GlobalSection(ExtensibilityGlobals) = postSolution
		SolutionGuid = {6B139573-9958-435A-89ED-54AFBB111BC3}
	EndGlobalSection
EndGlobal
