
Microsoft Visual Studio Solution File, Format Version 12.00
# Visual Studio Version 17
VisualStudioVersion = 17.5.33502.453
MinimumVisualStudioVersion = 10.0.40219.1
Project("{FAE04EC0-301F-11D3-BF4B-00C04F79EFBC}") = "20230320_BezierSize", "20230320_BezierSize\20230320_BezierSize.csproj", "{2EE1A783-85F1-4BE6-A6AD-1F752046DFC7}"
EndProject
Global
	GlobalSection(SolutionConfigurationPlatforms) = preSolution
		Debug|Any CPU = Debug|Any CPU
		Release|Any CPU = Release|Any CPU
	EndGlobalSection
	GlobalSection(ProjectConfigurationPlatforms) = postSolution
		{2EE1A783-85F1-4BE6-A6AD-1F752046DFC7}.Debug|Any CPU.ActiveCfg = Debug|Any CPU
		{2EE1A783-85F1-4BE6-A6AD-1F752046DFC7}.Debug|Any CPU.Build.0 = Debug|Any CPU
		{2EE1A783-85F1-4BE6-A6AD-1F752046DFC7}.Release|Any CPU.ActiveCfg = Release|Any CPU
		{2EE1A783-85F1-4BE6-A6AD-1F752046DFC7}.Release|Any CPU.Build.0 = Release|Any CPU
	EndGlobalSection
	GlobalSection(SolutionProperties) = preSolution
		HideSolutionNode = FALSE
	EndGlobalSection
	GlobalSection(ExtensibilityGlobals) = postSolution
		SolutionGuid = {E4D14D8C-60A3-45AC-A2C7-71806DEAF42B}
	EndGlobalSection
EndGlobal
