
Microsoft Visual Studio Solution File, Format Version 12.00
# Visual Studio Version 17
VisualStudioVersion = 17.4.33213.308
MinimumVisualStudioVersion = 10.0.40219.1
Project("{FAE04EC0-301F-11D3-BF4B-00C04F79EFBC}") = "20230207_dpi", "20230207_dpi\20230207_dpi.csproj", "{CDACE091-CCEF-4B02-A262-761C624F9649}"
EndProject
Global
	GlobalSection(SolutionConfigurationPlatforms) = preSolution
		Debug|Any CPU = Debug|Any CPU
		Release|Any CPU = Release|Any CPU
	EndGlobalSection
	GlobalSection(ProjectConfigurationPlatforms) = postSolution
		{CDACE091-CCEF-4B02-A262-761C624F9649}.Debug|Any CPU.ActiveCfg = Debug|Any CPU
		{CDACE091-CCEF-4B02-A262-761C624F9649}.Debug|Any CPU.Build.0 = Debug|Any CPU
		{CDACE091-CCEF-4B02-A262-761C624F9649}.Release|Any CPU.ActiveCfg = Release|Any CPU
		{CDACE091-CCEF-4B02-A262-761C624F9649}.Release|Any CPU.Build.0 = Release|Any CPU
	EndGlobalSection
	GlobalSection(SolutionProperties) = preSolution
		HideSolutionNode = FALSE
	EndGlobalSection
	GlobalSection(ExtensibilityGlobals) = postSolution
		SolutionGuid = {37E6E659-609F-4016-8BB3-53B2FD973DF2}
	EndGlobalSection
EndGlobal
