
Microsoft Visual Studio Solution File, Format Version 12.00
# Visual Studio Version 17
VisualStudioVersion = 17.5.33516.290
MinimumVisualStudioVersion = 10.0.40219.1
Project("{FAE04EC0-301F-11D3-BF4B-00C04F79EFBC}") = "20230325_ShapeCanvas", "20230325_ShapeCanvas\20230325_ShapeCanvas.csproj", "{7EC37E1A-4C7C-4B64-837B-D471038AC9A6}"
EndProject
Global
	GlobalSection(SolutionConfigurationPlatforms) = preSolution
		Debug|Any CPU = Debug|Any CPU
		Release|Any CPU = Release|Any CPU
	EndGlobalSection
	GlobalSection(ProjectConfigurationPlatforms) = postSolution
		{7EC37E1A-4C7C-4B64-837B-D471038AC9A6}.Debug|Any CPU.ActiveCfg = Debug|Any CPU
		{7EC37E1A-4C7C-4B64-837B-D471038AC9A6}.Debug|Any CPU.Build.0 = Debug|Any CPU
		{7EC37E1A-4C7C-4B64-837B-D471038AC9A6}.Release|Any CPU.ActiveCfg = Release|Any CPU
		{7EC37E1A-4C7C-4B64-837B-D471038AC9A6}.Release|Any CPU.Build.0 = Release|Any CPU
	EndGlobalSection
	GlobalSection(SolutionProperties) = preSolution
		HideSolutionNode = FALSE
	EndGlobalSection
	GlobalSection(ExtensibilityGlobals) = postSolution
		SolutionGuid = {0D247A0F-3F7C-4F80-9169-8DEBF761780B}
	EndGlobalSection
EndGlobal
