
Microsoft Visual Studio Solution File, Format Version 12.00
# Visual Studio Version 17
VisualStudioVersion = 17.5.33414.496
MinimumVisualStudioVersion = 10.0.40219.1
Project("{FAE04EC0-301F-11D3-BF4B-00C04F79EFBC}") = "20230224_GeometryAnchorThumbs", "20230224_GeometryAnchorThumbs\20230224_GeometryAnchorThumbs.csproj", "{14288A42-C151-4DFB-B855-D774D55FDB40}"
EndProject
Global
	GlobalSection(SolutionConfigurationPlatforms) = preSolution
		Debug|Any CPU = Debug|Any CPU
		Release|Any CPU = Release|Any CPU
	EndGlobalSection
	GlobalSection(ProjectConfigurationPlatforms) = postSolution
		{14288A42-C151-4DFB-B855-D774D55FDB40}.Debug|Any CPU.ActiveCfg = Debug|Any CPU
		{14288A42-C151-4DFB-B855-D774D55FDB40}.Debug|Any CPU.Build.0 = Debug|Any CPU
		{14288A42-C151-4DFB-B855-D774D55FDB40}.Release|Any CPU.ActiveCfg = Release|Any CPU
		{14288A42-C151-4DFB-B855-D774D55FDB40}.Release|Any CPU.Build.0 = Release|Any CPU
	EndGlobalSection
	GlobalSection(SolutionProperties) = preSolution
		HideSolutionNode = FALSE
	EndGlobalSection
	GlobalSection(ExtensibilityGlobals) = postSolution
		SolutionGuid = {5DD65A49-2522-4012-B7C3-FAF60178C6E1}
	EndGlobalSection
EndGlobal
