
Microsoft Visual Studio Solution File, Format Version 12.00
# Visual Studio Version 17
VisualStudioVersion = 17.4.33403.182
MinimumVisualStudioVersion = 10.0.40219.1
Project("{FAE04EC0-301F-11D3-BF4B-00C04F79EFBC}") = "TTPolylineZ", "TTPolylineZ\TTPolylineZ.csproj", "{8A973EC3-0431-4DC9-B658-372B9A1FF814}"
EndProject
Global
	GlobalSection(SolutionConfigurationPlatforms) = preSolution
		Debug|Any CPU = Debug|Any CPU
		Release|Any CPU = Release|Any CPU
	EndGlobalSection
	GlobalSection(ProjectConfigurationPlatforms) = postSolution
		{8A973EC3-0431-4DC9-B658-372B9A1FF814}.Debug|Any CPU.ActiveCfg = Debug|Any CPU
		{8A973EC3-0431-4DC9-B658-372B9A1FF814}.Debug|Any CPU.Build.0 = Debug|Any CPU
		{8A973EC3-0431-4DC9-B658-372B9A1FF814}.Release|Any CPU.ActiveCfg = Release|Any CPU
		{8A973EC3-0431-4DC9-B658-372B9A1FF814}.Release|Any CPU.Build.0 = Release|Any CPU
	EndGlobalSection
	GlobalSection(SolutionProperties) = preSolution
		HideSolutionNode = FALSE
	EndGlobalSection
	GlobalSection(ExtensibilityGlobals) = postSolution
		SolutionGuid = {3E33D3CD-11B1-4AEC-8E56-4C1F5B4C5D30}
	EndGlobalSection
EndGlobal
