
Microsoft Visual Studio Solution File, Format Version 12.00
# Visual Studio Version 17
VisualStudioVersion = 17.5.33516.290
MinimumVisualStudioVersion = 10.0.40219.1
Project("{FAE04EC0-301F-11D3-BF4B-00C04F79EFBC}") = "20230323_BezierSize2Thumb", "20230323_BezierSize2Thumb\20230323_BezierSize2Thumb.csproj", "{7E6CDEA5-145B-4A06-850A-F27FD735EA3B}"
EndProject
Global
	GlobalSection(SolutionConfigurationPlatforms) = preSolution
		Debug|Any CPU = Debug|Any CPU
		Release|Any CPU = Release|Any CPU
	EndGlobalSection
	GlobalSection(ProjectConfigurationPlatforms) = postSolution
		{7E6CDEA5-145B-4A06-850A-F27FD735EA3B}.Debug|Any CPU.ActiveCfg = Debug|Any CPU
		{7E6CDEA5-145B-4A06-850A-F27FD735EA3B}.Debug|Any CPU.Build.0 = Debug|Any CPU
		{7E6CDEA5-145B-4A06-850A-F27FD735EA3B}.Release|Any CPU.ActiveCfg = Release|Any CPU
		{7E6CDEA5-145B-4A06-850A-F27FD735EA3B}.Release|Any CPU.Build.0 = Release|Any CPU
	EndGlobalSection
	GlobalSection(SolutionProperties) = preSolution
		HideSolutionNode = FALSE
	EndGlobalSection
	GlobalSection(ExtensibilityGlobals) = postSolution
		SolutionGuid = {A1B620DC-D8D5-49A4-BF93-11F643632CF2}
	EndGlobalSection
EndGlobal
