
Microsoft Visual Studio Solution File, Format Version 12.00
# Visual Studio Version 17
VisualStudioVersion = 17.6.33815.320
MinimumVisualStudioVersion = 10.0.40219.1
Project("{FAE04EC0-301F-11D3-BF4B-00C04F79EFBC}") = "202306231339_ProgressBar", "202306231339_ProgressBar\202306231339_ProgressBar.csproj", "{AB31B4B4-D032-496B-AD80-70CBB69A3ED7}"
EndProject
Global
	GlobalSection(SolutionConfigurationPlatforms) = preSolution
		Debug|Any CPU = Debug|Any CPU
		Release|Any CPU = Release|Any CPU
	EndGlobalSection
	GlobalSection(ProjectConfigurationPlatforms) = postSolution
		{AB31B4B4-D032-496B-AD80-70CBB69A3ED7}.Debug|Any CPU.ActiveCfg = Debug|Any CPU
		{AB31B4B4-D032-496B-AD80-70CBB69A3ED7}.Debug|Any CPU.Build.0 = Debug|Any CPU
		{AB31B4B4-D032-496B-AD80-70CBB69A3ED7}.Release|Any CPU.ActiveCfg = Release|Any CPU
		{AB31B4B4-D032-496B-AD80-70CBB69A3ED7}.Release|Any CPU.Build.0 = Release|Any CPU
	EndGlobalSection
	GlobalSection(SolutionProperties) = preSolution
		HideSolutionNode = FALSE
	EndGlobalSection
	GlobalSection(ExtensibilityGlobals) = postSolution
		SolutionGuid = {35CEBC3D-39A8-46A2-8915-C47494C6749D}
	EndGlobalSection
EndGlobal
