
Microsoft Visual Studio Solution File, Format Version 12.00
# Visual Studio Version 17
VisualStudioVersion = 17.5.33530.505
MinimumVisualStudioVersion = 10.0.40219.1
Project("{FAE04EC0-301F-11D3-BF4B-00C04F79EFBC}") = "20230418_ColorPicker", "20230418_ColorPicker\20230418_ColorPicker.csproj", "{0EAB845C-E208-4E3C-8327-7A28FAFF047F}"
EndProject
Global
	GlobalSection(SolutionConfigurationPlatforms) = preSolution
		Debug|Any CPU = Debug|Any CPU
		Release|Any CPU = Release|Any CPU
	EndGlobalSection
	GlobalSection(ProjectConfigurationPlatforms) = postSolution
		{0EAB845C-E208-4E3C-8327-7A28FAFF047F}.Debug|Any CPU.ActiveCfg = Debug|Any CPU
		{0EAB845C-E208-4E3C-8327-7A28FAFF047F}.Debug|Any CPU.Build.0 = Debug|Any CPU
		{0EAB845C-E208-4E3C-8327-7A28FAFF047F}.Release|Any CPU.ActiveCfg = Release|Any CPU
		{0EAB845C-E208-4E3C-8327-7A28FAFF047F}.Release|Any CPU.Build.0 = Release|Any CPU
	EndGlobalSection
	GlobalSection(SolutionProperties) = preSolution
		HideSolutionNode = FALSE
	EndGlobalSection
	GlobalSection(ExtensibilityGlobals) = postSolution
		SolutionGuid = {AE196769-5EC9-4E1B-B00B-2EF52659AC28}
	EndGlobalSection
EndGlobal
