
Microsoft Visual Studio Solution File, Format Version 12.00
# Visual Studio Version 17
VisualStudioVersion = 17.5.33424.131
MinimumVisualStudioVersion = 10.0.40219.1
Project("{FAE04EC0-301F-11D3-BF4B-00C04F79EFBC}") = "20230309_Adorner", "20230309_Adorner\20230309_Adorner.csproj", "{492C2C4E-C06C-47EF-8BCE-A8B58025D03C}"
EndProject
Global
	GlobalSection(SolutionConfigurationPlatforms) = preSolution
		Debug|Any CPU = Debug|Any CPU
		Release|Any CPU = Release|Any CPU
	EndGlobalSection
	GlobalSection(ProjectConfigurationPlatforms) = postSolution
		{492C2C4E-C06C-47EF-8BCE-A8B58025D03C}.Debug|Any CPU.ActiveCfg = Debug|Any CPU
		{492C2C4E-C06C-47EF-8BCE-A8B58025D03C}.Debug|Any CPU.Build.0 = Debug|Any CPU
		{492C2C4E-C06C-47EF-8BCE-A8B58025D03C}.Release|Any CPU.ActiveCfg = Release|Any CPU
		{492C2C4E-C06C-47EF-8BCE-A8B58025D03C}.Release|Any CPU.Build.0 = Release|Any CPU
	EndGlobalSection
	GlobalSection(SolutionProperties) = preSolution
		HideSolutionNode = FALSE
	EndGlobalSection
	GlobalSection(ExtensibilityGlobals) = postSolution
		SolutionGuid = {13412420-7B25-4542-97D2-C5996DB137AF}
	EndGlobalSection
EndGlobal
