
Microsoft Visual Studio Solution File, Format Version 12.00
# Visual Studio Version 17
VisualStudioVersion = 17.4.33205.214
MinimumVisualStudioVersion = 10.0.40219.1
Project("{FAE04EC0-301F-11D3-BF4B-00C04F79EFBC}") = "20230104_DataTemplate_DataType", "20230104_DataTemplate_DataType\20230104_DataTemplate_DataType.csproj", "{38B79274-D493-4325-8D08-61FE18725F2A}"
EndProject
Global
	GlobalSection(SolutionConfigurationPlatforms) = preSolution
		Debug|Any CPU = Debug|Any CPU
		Release|Any CPU = Release|Any CPU
	EndGlobalSection
	GlobalSection(ProjectConfigurationPlatforms) = postSolution
		{38B79274-D493-4325-8D08-61FE18725F2A}.Debug|Any CPU.ActiveCfg = Debug|Any CPU
		{38B79274-D493-4325-8D08-61FE18725F2A}.Debug|Any CPU.Build.0 = Debug|Any CPU
		{38B79274-D493-4325-8D08-61FE18725F2A}.Release|Any CPU.ActiveCfg = Release|Any CPU
		{38B79274-D493-4325-8D08-61FE18725F2A}.Release|Any CPU.Build.0 = Release|Any CPU
	EndGlobalSection
	GlobalSection(SolutionProperties) = preSolution
		HideSolutionNode = FALSE
	EndGlobalSection
	GlobalSection(ExtensibilityGlobals) = postSolution
		SolutionGuid = {C0C1DEE1-7D89-493E-8B16-645A11125970}
	EndGlobalSection
EndGlobal
