
Microsoft Visual Studio Solution File, Format Version 12.00
# Visual Studio Version 17
VisualStudioVersion = 17.5.33424.131
MinimumVisualStudioVersion = 10.0.40219.1
Project("{FAE04EC0-301F-11D3-BF4B-00C04F79EFBC}") = "20230302_PolyBezierArrowline", "20230302_PolyBezierArrowline\20230302_PolyBezierArrowline.csproj", "{9316170B-B487-4D35-B16C-28F9ADB0D705}"
EndProject
Global
	GlobalSection(SolutionConfigurationPlatforms) = preSolution
		Debug|Any CPU = Debug|Any CPU
		Release|Any CPU = Release|Any CPU
	EndGlobalSection
	GlobalSection(ProjectConfigurationPlatforms) = postSolution
		{9316170B-B487-4D35-B16C-28F9ADB0D705}.Debug|Any CPU.ActiveCfg = Debug|Any CPU
		{9316170B-B487-4D35-B16C-28F9ADB0D705}.Debug|Any CPU.Build.0 = Debug|Any CPU
		{9316170B-B487-4D35-B16C-28F9ADB0D705}.Release|Any CPU.ActiveCfg = Release|Any CPU
		{9316170B-B487-4D35-B16C-28F9ADB0D705}.Release|Any CPU.Build.0 = Release|Any CPU
	EndGlobalSection
	GlobalSection(SolutionProperties) = preSolution
		HideSolutionNode = FALSE
	EndGlobalSection
	GlobalSection(ExtensibilityGlobals) = postSolution
		SolutionGuid = {836F540B-4ECA-4B06-8AFB-977366C44C4C}
	EndGlobalSection
EndGlobal
