
Microsoft Visual Studio Solution File, Format Version 12.00
# Visual Studio Version 17
VisualStudioVersion = 17.5.33627.172
MinimumVisualStudioVersion = 10.0.40219.1
Project("{FAE04EC0-301F-11D3-BF4B-00C04F79EFBC}") = "20230510_PointCollectionBinding", "20230510_PointCollectionBinding\20230510_PointCollectionBinding.csproj", "{EAB2F250-DF53-4533-89CA-DA32567EDC05}"
EndProject
Global
	GlobalSection(SolutionConfigurationPlatforms) = preSolution
		Debug|Any CPU = Debug|Any CPU
		Release|Any CPU = Release|Any CPU
	EndGlobalSection
	GlobalSection(ProjectConfigurationPlatforms) = postSolution
		{EAB2F250-DF53-4533-89CA-DA32567EDC05}.Debug|Any CPU.ActiveCfg = Debug|Any CPU
		{EAB2F250-DF53-4533-89CA-DA32567EDC05}.Debug|Any CPU.Build.0 = Debug|Any CPU
		{EAB2F250-DF53-4533-89CA-DA32567EDC05}.Release|Any CPU.ActiveCfg = Release|Any CPU
		{EAB2F250-DF53-4533-89CA-DA32567EDC05}.Release|Any CPU.Build.0 = Release|Any CPU
	EndGlobalSection
	GlobalSection(SolutionProperties) = preSolution
		HideSolutionNode = FALSE
	EndGlobalSection
	GlobalSection(ExtensibilityGlobals) = postSolution
		SolutionGuid = {B38FEEC1-9DDA-42AF-91C0-A22781C638B8}
	EndGlobalSection
EndGlobal
