
Microsoft Visual Studio Solution File, Format Version 12.00
# Visual Studio Version 17
VisualStudioVersion = 17.5.33502.453
MinimumVisualStudioVersion = 10.0.40219.1
Project("{FAE04EC0-301F-11D3-BF4B-00C04F79EFBC}") = "20230319_BezierSize2", "20230319_BezierSize2\20230319_BezierSize2.csproj", "{BB634B53-9B64-4AF5-BBC6-2D48A8593BC6}"
EndProject
Global
	GlobalSection(SolutionConfigurationPlatforms) = preSolution
		Debug|Any CPU = Debug|Any CPU
		Release|Any CPU = Release|Any CPU
	EndGlobalSection
	GlobalSection(ProjectConfigurationPlatforms) = postSolution
		{BB634B53-9B64-4AF5-BBC6-2D48A8593BC6}.Debug|Any CPU.ActiveCfg = Debug|Any CPU
		{BB634B53-9B64-4AF5-BBC6-2D48A8593BC6}.Debug|Any CPU.Build.0 = Debug|Any CPU
		{BB634B53-9B64-4AF5-BBC6-2D48A8593BC6}.Release|Any CPU.ActiveCfg = Release|Any CPU
		{BB634B53-9B64-4AF5-BBC6-2D48A8593BC6}.Release|Any CPU.Build.0 = Release|Any CPU
	EndGlobalSection
	GlobalSection(SolutionProperties) = preSolution
		HideSolutionNode = FALSE
	EndGlobalSection
	GlobalSection(ExtensibilityGlobals) = postSolution
		SolutionGuid = {AB0B0042-3461-43AD-BFE3-F9EEF9081D7C}
	EndGlobalSection
EndGlobal
