
Microsoft Visual Studio Solution File, Format Version 12.00
# Visual Studio Version 17
VisualStudioVersion = 17.4.33205.214
MinimumVisualStudioVersion = 10.0.40219.1
Project("{FAE04EC0-301F-11D3-BF4B-00C04F79EFBC}") = "20230101_Z", "20230101_Z\20230101_Z.csproj", "{89CBFCDA-697C-4DA2-869C-F4B0A4EF52D1}"
EndProject
Global
	GlobalSection(SolutionConfigurationPlatforms) = preSolution
		Debug|Any CPU = Debug|Any CPU
		Release|Any CPU = Release|Any CPU
	EndGlobalSection
	GlobalSection(ProjectConfigurationPlatforms) = postSolution
		{89CBFCDA-697C-4DA2-869C-F4B0A4EF52D1}.Debug|Any CPU.ActiveCfg = Debug|Any CPU
		{89CBFCDA-697C-4DA2-869C-F4B0A4EF52D1}.Debug|Any CPU.Build.0 = Debug|Any CPU
		{89CBFCDA-697C-4DA2-869C-F4B0A4EF52D1}.Release|Any CPU.ActiveCfg = Release|Any CPU
		{89CBFCDA-697C-4DA2-869C-F4B0A4EF52D1}.Release|Any CPU.Build.0 = Release|Any CPU
	EndGlobalSection
	GlobalSection(SolutionProperties) = preSolution
		HideSolutionNode = FALSE
	EndGlobalSection
	GlobalSection(ExtensibilityGlobals) = postSolution
		SolutionGuid = {88A3540E-2D68-42FB-B062-05D111AA10A6}
	EndGlobalSection
EndGlobal
